
Microsoft Visual Studio Solution File, Format Version 12.00
# Visual Studio Version 17
VisualStudioVersion = 17.3.32819.101
MinimumVisualStudioVersion = 10.0.40219.1
Project("{FAE04EC0-301F-11D3-BF4B-00C04F79EFBC}") = "Labs", "Labs\Labs.csproj", "{75C4C0D6-BD7E-439B-8256-FE87618BCDB4}"
EndProject
Global
	GlobalSection(SolutionConfigurationPlatforms) = preSolution
		Debug|Any CPU = Debug|Any CPU
		Release|Any CPU = Release|Any CPU
	EndGlobalSection
	GlobalSection(ProjectConfigurationPlatforms) = postSolution
		{75C4C0D6-BD7E-439B-8256-FE87618BCDB4}.Debug|Any CPU.ActiveCfg = Debug|Any CPU
		{75C4C0D6-BD7E-439B-8256-FE87618BCDB4}.Debug|Any CPU.Build.0 = Debug|Any CPU
		{75C4C0D6-BD7E-439B-8256-FE87618BCDB4}.Release|Any CPU.ActiveCfg = Release|Any CPU
		{75C4C0D6-BD7E-439B-8256-FE87618BCDB4}.Release|Any CPU.Build.0 = Release|Any CPU
	EndGlobalSection
	GlobalSection(SolutionProperties) = preSolution
		HideSolutionNode = FALSE
	EndGlobalSection
	GlobalSection(ExtensibilityGlobals) = postSolution
		SolutionGuid = {DE9F21F5-0260-4082-BE09-5AA3438A8BF8}
	EndGlobalSection
EndGlobal
